// !$*UTF8*$!
{
	archiveVersion = 1;
	classes = {
	};
	objectVersion = 46;
	objects = {

/* Begin PBXBuildFile section */
		D4B079E119962546009EE113 /* Foundation.framework in Frameworks */ = {isa = PBXBuildFile; fileRef = D4B079E019962546009EE113 /* Foundation.framework */; };
		D4B079E319962546009EE113 /* CoreGraphics.framework in Frameworks */ = {isa = PBXBuildFile; fileRef = D4B079E219962546009EE113 /* CoreGraphics.framework */; };
		D4B079E519962546009EE113 /* UIKit.framework in Frameworks */ = {isa = PBXBuildFile; fileRef = D4B079E419962546009EE113 /* UIKit.framework */; };
		D4B079E719962546009EE113 /* CoreData.framework in Frameworks */ = {isa = PBXBuildFile; fileRef = D4B079E619962546009EE113 /* CoreData.framework */; };
		D4B079ED19962546009EE113 /* InfoPlist.strings in Resources */ = {isa = PBXBuildFile; fileRef = D4B079EB19962546009EE113 /* InfoPlist.strings */; };
		D4B079EF19962546009EE113 /* main.m in Sources */ = {isa = PBXBuildFile; fileRef = D4B079EE19962546009EE113 /* main.m */; };
		D4B079F319962546009EE113 /* AppDelegate.m in Sources */ = {isa = PBXBuildFile; fileRef = D4B079F219962546009EE113 /* AppDelegate.m */; };
		D4B079F619962546009EE113 /* CDCourse____Lynda.xcdatamodeld in Sources */ = {isa = PBXBuildFile; fileRef = D4B079F419962546009EE113 /* CDCourse____Lynda.xcdatamodeld */; };
		D4B079F819962546009EE113 /* Images.xcassets in Resources */ = {isa = PBXBuildFile; fileRef = D4B079F719962546009EE113 /* Images.xcassets */; };
		D4B079FF19962546009EE113 /* XCTest.framework in Frameworks */ = {isa = PBXBuildFile; fileRef = D4B079FE19962546009EE113 /* XCTest.framework */; };
		D4B07A0019962546009EE113 /* Foundation.framework in Frameworks */ = {isa = PBXBuildFile; fileRef = D4B079E019962546009EE113 /* Foundation.framework */; };
		D4B07A0119962546009EE113 /* UIKit.framework in Frameworks */ = {isa = PBXBuildFile; fileRef = D4B079E419962546009EE113 /* UIKit.framework */; };
		D4B07A0219962546009EE113 /* CoreData.framework in Frameworks */ = {isa = PBXBuildFile; fileRef = D4B079E619962546009EE113 /* CoreData.framework */; };
		D4B07A0A19962546009EE113 /* InfoPlist.strings in Resources */ = {isa = PBXBuildFile; fileRef = D4B07A0819962546009EE113 /* InfoPlist.strings */; };
		D4B07A0C19962546009EE113 /* CDCourse____LyndaTests.m in Sources */ = {isa = PBXBuildFile; fileRef = D4B07A0B19962546009EE113 /* CDCourse____LyndaTests.m */; };
		D4B07A17199625D8009EE113 /* Course.m in Sources */ = {isa = PBXBuildFile; fileRef = D4B07A16199625D8009EE113 /* Course.m */; };
		D4B07A1919962609009EE113 /* Main.storyboard in Resources */ = {isa = PBXBuildFile; fileRef = D4B07A1819962609009EE113 /* Main.storyboard */; };
		D4B07A1C199626EC009EE113 /* CoursesTableViewController.m in Sources */ = {isa = PBXBuildFile; fileRef = D4B07A1B199626EC009EE113 /* CoursesTableViewController.m */; };
		D4B07A1F19962F81009EE113 /* NewCourseController.m in Sources */ = {isa = PBXBuildFile; fileRef = D4B07A1E19962F81009EE113 /* NewCourseController.m */; };
		D4B07A22199644FC009EE113 /* DisplayEditViewController.m in Sources */ = {isa = PBXBuildFile; fileRef = D4B07A21199644FC009EE113 /* DisplayEditViewController.m */; };
/* End PBXBuildFile section */

/* Begin PBXContainerItemProxy section */
		D4B07A0319962546009EE113 /* PBXContainerItemProxy */ = {
			isa = PBXContainerItemProxy;
			containerPortal = D4B079D519962545009EE113 /* Project object */;
			proxyType = 1;
			remoteGlobalIDString = D4B079DC19962546009EE113;
			remoteInfo = "CDCourse -- Lynda";
		};
/* End PBXContainerItemProxy section */

/* Begin PBXFileReference section */
		D4ACAE7C199671C3004E4007 /* CDCourse____Lynda 2.xcdatamodel */ = {isa = PBXFileReference; lastKnownFileType = file; path = "CDCourse____Lynda 2.xcdatamodel"; sourceTree = "<group>"; };
		D4B079DD19962546009EE113 /* CDCourse --ios -- Lynda.app */ = {isa = PBXFileReference; explicitFileType = wrapper.application; includeInIndex = 0; path = "CDCourse --ios -- Lynda.app"; sourceTree = BUILT_PRODUCTS_DIR; };
		D4B079E019962546009EE113 /* Foundation.framework */ = {isa = PBXFileReference; lastKnownFileType = wrapper.framework; name = Foundation.framework; path = System/Library/Frameworks/Foundation.framework; sourceTree = SDKROOT; };
		D4B079E219962546009EE113 /* CoreGraphics.framework */ = {isa = PBXFileReference; lastKnownFileType = wrapper.framework; name = CoreGraphics.framework; path = System/Library/Frameworks/CoreGraphics.framework; sourceTree = SDKROOT; };
		D4B079E419962546009EE113 /* UIKit.framework */ = {isa = PBXFileReference; lastKnownFileType = wrapper.framework; name = UIKit.framework; path = System/Library/Frameworks/UIKit.framework; sourceTree = SDKROOT; };
		D4B079E619962546009EE113 /* CoreData.framework */ = {isa = PBXFileReference; lastKnownFileType = wrapper.framework; name = CoreData.framework; path = System/Library/Frameworks/CoreData.framework; sourceTree = SDKROOT; };
		D4B079EA19962546009EE113 /* CDCourse --ios -- Lynda-Info.plist */ = {isa = PBXFileReference; lastKnownFileType = text.plist.xml; path = "CDCourse --ios -- Lynda-Info.plist"; sourceTree = "<group>"; };
		D4B079EC19962546009EE113 /* en */ = {isa = PBXFileReference; lastKnownFileType = text.plist.strings; name = en; path = en.lproj/InfoPlist.strings; sourceTree = "<group>"; };
		D4B079EE19962546009EE113 /* main.m */ = {isa = PBXFileReference; lastKnownFileType = sourcecode.c.objc; path = main.m; sourceTree = "<group>"; };
		D4B079F019962546009EE113 /* CDCourse --ios -- Lynda-Prefix.pch */ = {isa = PBXFileReference; lastKnownFileType = sourcecode.c.h; path = "CDCourse --ios -- Lynda-Prefix.pch"; sourceTree = "<group>"; };
		D4B079F119962546009EE113 /* AppDelegate.h */ = {isa = PBXFileReference; lastKnownFileType = sourcecode.c.h; path = AppDelegate.h; sourceTree = "<group>"; };
		D4B079F219962546009EE113 /* AppDelegate.m */ = {isa = PBXFileReference; lastKnownFileType = sourcecode.c.objc; path = AppDelegate.m; sourceTree = "<group>"; };
		D4B079F519962546009EE113 /* CDCourse____Lynda.xcdatamodel */ = {isa = PBXFileReference; lastKnownFileType = wrapper.xcdatamodel; path = "CDCourse____Lynda.xcdatamodel"; sourceTree = "<group>"; };
		D4B079F719962546009EE113 /* Images.xcassets */ = {isa = PBXFileReference; lastKnownFileType = folder.assetcatalog; path = Images.xcassets; sourceTree = "<group>"; };
		D4B079FD19962546009EE113 /* CDCourse --ios -- LyndaTests.xctest */ = {isa = PBXFileReference; explicitFileType = wrapper.cfbundle; includeInIndex = 0; path = "CDCourse --ios -- LyndaTests.xctest"; sourceTree = BUILT_PRODUCTS_DIR; };
		D4B079FE19962546009EE113 /* XCTest.framework */ = {isa = PBXFileReference; lastKnownFileType = wrapper.framework; name = XCTest.framework; path = Library/Frameworks/XCTest.framework; sourceTree = DEVELOPER_DIR; };
		D4B07A0719962546009EE113 /* CDCourse --ios -- LyndaTests-Info.plist */ = {isa = PBXFileReference; lastKnownFileType = text.plist.xml; path = "CDCourse --ios -- LyndaTests-Info.plist"; sourceTree = "<group>"; };
		D4B07A0919962546009EE113 /* en */ = {isa = PBXFileReference; lastKnownFileType = text.plist.strings; name = en; path = en.lproj/InfoPlist.strings; sourceTree = "<group>"; };
		D4B07A0B19962546009EE113 /* CDCourse____LyndaTests.m */ = {isa = PBXFileReference; lastKnownFileType = sourcecode.c.objc; path = "CDCourse____LyndaTests.m"; sourceTree = "<group>"; };
		D4B07A15199625D8009EE113 /* Course.h */ = {isa = PBXFileReference; fileEncoding = 4; lastKnownFileType = sourcecode.c.h; path = Course.h; sourceTree = "<group>"; };
		D4B07A16199625D8009EE113 /* Course.m */ = {isa = PBXFileReference; fileEncoding = 4; lastKnownFileType = sourcecode.c.objc; path = Course.m; sourceTree = "<group>"; };
		D4B07A1819962609009EE113 /* Main.storyboard */ = {isa = PBXFileReference; fileEncoding = 4; lastKnownFileType = file.storyboard; name = Main.storyboard; path = ../Main.storyboard; sourceTree = "<group>"; };
		D4B07A1A199626EC009EE113 /* CoursesTableViewController.h */ = {isa = PBXFileReference; fileEncoding = 4; lastKnownFileType = sourcecode.c.h; path = CoursesTableViewController.h; sourceTree = "<group>"; };
		D4B07A1B199626EC009EE113 /* CoursesTableViewController.m */ = {isa = PBXFileReference; fileEncoding = 4; lastKnownFileType = sourcecode.c.objc; path = CoursesTableViewController.m; sourceTree = "<group>"; };
		D4B07A1D19962F81009EE113 /* NewCourseController.h */ = {isa = PBXFileReference; fileEncoding = 4; lastKnownFileType = sourcecode.c.h; path = NewCourseController.h; sourceTree = "<group>"; };
		D4B07A1E19962F81009EE113 /* NewCourseController.m */ = {isa = PBXFileReference; fileEncoding = 4; lastKnownFileType = sourcecode.c.objc; path = NewCourseController.m; sourceTree = "<group>"; };
		D4B07A20199644FC009EE113 /* DisplayEditViewController.h */ = {isa = PBXFileReference; fileEncoding = 4; lastKnownFileType = sourcecode.c.h; path = DisplayEditViewController.h; sourceTree = "<group>"; };
		D4B07A21199644FC009EE113 /* DisplayEditViewController.m */ = {isa = PBXFileReference; fileEncoding = 4; lastKnownFileType = sourcecode.c.objc; path = DisplayEditViewController.m; sourceTree = "<group>"; };
/* End PBXFileReference section */

/* Begin PBXFrameworksBuildPhase section */
		D4B079DA19962546009EE113 /* Frameworks */ = {
			isa = PBXFrameworksBuildPhase;
			buildActionMask = 2147483647;
			files = (
				D4B079E319962546009EE113 /* CoreGraphics.framework in Frameworks */,
				D4B079E719962546009EE113 /* CoreData.framework in Frameworks */,
				D4B079E519962546009EE113 /* UIKit.framework in Frameworks */,
				D4B079E119962546009EE113 /* Foundation.framework in Frameworks */,
			);
			runOnlyForDeploymentPostprocessing = 0;
		};
		D4B079FA19962546009EE113 /* Frameworks */ = {
			isa = PBXFrameworksBuildPhase;
			buildActionMask = 2147483647;
			files = (
				D4B079FF19962546009EE113 /* XCTest.framework in Frameworks */,
				D4B07A0219962546009EE113 /* CoreData.framework in Frameworks */,
				D4B07A0119962546009EE113 /* UIKit.framework in Frameworks */,
				D4B07A0019962546009EE113 /* Foundation.framework in Frameworks */,
			);
			runOnlyForDeploymentPostprocessing = 0;
		};
/* End PBXFrameworksBuildPhase section */

/* Begin PBXGroup section */
		D4B079D419962545009EE113 = {
			isa = PBXGroup;
			children = (
				D4B079E819962546009EE113 /* CDCourse -- Lynda */,
				D4B07A0519962546009EE113 /* CDCourse -- LyndaTests */,
				D4B079DF19962546009EE113 /* Frameworks */,
				D4B079DE19962546009EE113 /* Products */,
			);
			sourceTree = "<group>";
		};
		D4B079DE19962546009EE113 /* Products */ = {
			isa = PBXGroup;
			children = (
				D4B079DD19962546009EE113 /* CDCourse --ios -- Lynda.app */,
				D4B079FD19962546009EE113 /* CDCourse --ios -- LyndaTests.xctest */,
			);
			name = Products;
			sourceTree = "<group>";
		};
		D4B079DF19962546009EE113 /* Frameworks */ = {
			isa = PBXGroup;
			children = (
				D4B079E019962546009EE113 /* Foundation.framework */,
				D4B079E219962546009EE113 /* CoreGraphics.framework */,
				D4B079E419962546009EE113 /* UIKit.framework */,
				D4B079E619962546009EE113 /* CoreData.framework */,
				D4B079FE19962546009EE113 /* XCTest.framework */,
			);
			name = Frameworks;
			sourceTree = "<group>";
		};
		D4B079E819962546009EE113 /* CDCourse -- Lynda */ = {
			isa = PBXGroup;
			children = (
				D4B079F119962546009EE113 /* AppDelegate.h */,
				D4B079F219962546009EE113 /* AppDelegate.m */,
				D4B07A1819962609009EE113 /* Main.storyboard */,
				D4B07A20199644FC009EE113 /* DisplayEditViewController.h */,
				D4B07A21199644FC009EE113 /* DisplayEditViewController.m */,
				D4B07A1D19962F81009EE113 /* NewCourseController.h */,
				D4B07A1E19962F81009EE113 /* NewCourseController.m */,
				D4B07A1A199626EC009EE113 /* CoursesTableViewController.h */,
				D4B07A1B199626EC009EE113 /* CoursesTableViewController.m */,
				D4B079F719962546009EE113 /* Images.xcassets */,
				D4B079F419962546009EE113 /* CDCourse____Lynda.xcdatamodeld */,
				D4B07A15199625D8009EE113 /* Course.h */,
				D4B07A16199625D8009EE113 /* Course.m */,
				D4B079E919962546009EE113 /* Supporting Files */,
			);
			path = "CDCourse -- Lynda";
			sourceTree = "<group>";
		};
		D4B079E919962546009EE113 /* Supporting Files */ = {
			isa = PBXGroup;
			children = (
				D4B079EA19962546009EE113 /* CDCourse --ios -- Lynda-Info.plist */,
				D4B079EB19962546009EE113 /* InfoPlist.strings */,
				D4B079EE19962546009EE113 /* main.m */,
				D4B079F019962546009EE113 /* CDCourse --ios -- Lynda-Prefix.pch */,
			);
			name = "Supporting Files";
			sourceTree = "<group>";
		};
		D4B07A0519962546009EE113 /* CDCourse -- LyndaTests */ = {
			isa = PBXGroup;
			children = (
				D4B07A0B19962546009EE113 /* CDCourse____LyndaTests.m */,
				D4B07A0619962546009EE113 /* Supporting Files */,
			);
			path = "CDCourse -- LyndaTests";
			sourceTree = "<group>";
		};
		D4B07A0619962546009EE113 /* Supporting Files */ = {
			isa = PBXGroup;
			children = (
				D4B07A0719962546009EE113 /* CDCourse --ios -- LyndaTests-Info.plist */,
				D4B07A0819962546009EE113 /* InfoPlist.strings */,
			);
			name = "Supporting Files";
			sourceTree = "<group>";
		};
/* End PBXGroup section */

/* Begin PBXNativeTarget section */
		D4B079DC19962546009EE113 /* CDCourse --ios -- Lynda */ = {
			isa = PBXNativeTarget;
			buildConfigurationList = D4B07A0F19962546009EE113 /* Build configuration list for PBXNativeTarget "CDCourse --ios -- Lynda" */;
			buildPhases = (
				D4B079D919962546009EE113 /* Sources */,
				D4B079DA19962546009EE113 /* Frameworks */,
				D4B079DB19962546009EE113 /* Resources */,
			);
			buildRules = (
			);
			dependencies = (
			);
			name = "CDCourse --ios -- Lynda";
			productName = "CDCourse -- Lynda";
			productReference = D4B079DD19962546009EE113 /* CDCourse --ios -- Lynda.app */;
			productType = "com.apple.product-type.application";
		};
		D4B079FC19962546009EE113 /* CDCourse --ios -- LyndaTests */ = {
			isa = PBXNativeTarget;
			buildConfigurationList = D4B07A1219962546009EE113 /* Build configuration list for PBXNativeTarget "CDCourse --ios -- LyndaTests" */;
			buildPhases = (
				D4B079F919962546009EE113 /* Sources */,
				D4B079FA19962546009EE113 /* Frameworks */,
				D4B079FB19962546009EE113 /* Resources */,
			);
			buildRules = (
			);
			dependencies = (
				D4B07A0419962546009EE113 /* PBXTargetDependency */,
			);
			name = "CDCourse --ios -- LyndaTests";
			productName = "CDCourse -- LyndaTests";
			productReference = D4B079FD19962546009EE113 /* CDCourse --ios -- LyndaTests.xctest */;
			productType = "com.apple.product-type.bundle.unit-test";
		};
/* End PBXNativeTarget section */

/* Begin PBXProject section */
		D4B079D519962545009EE113 /* Project object */ = {
			isa = PBXProject;
			attributes = {
				LastUpgradeCheck = 0500;
				ORGANIZATIONNAME = "Muhammad Farooq";
				TargetAttributes = {
					D4B079FC19962546009EE113 = {
						TestTargetID = D4B079DC19962546009EE113;
					};
				};
			};
			buildConfigurationList = D4B079D819962545009EE113 /* Build configuration list for PBXProject "CDCourse --ios -- Lynda" */;
			compatibilityVersion = "Xcode 3.2";
			developmentRegion = English;
			hasScannedForEncodings = 0;
			knownRegions = (
				en,
			);
			mainGroup = D4B079D419962545009EE113;
			productRefGroup = D4B079DE19962546009EE113 /* Products */;
			projectDirPath = "";
			projectRoot = "";
			targets = (
				D4B079DC19962546009EE113 /* CDCourse --ios -- Lynda */,
				D4B079FC19962546009EE113 /* CDCourse --ios -- LyndaTests */,
			);
		};
/* End PBXProject section */

/* Begin PBXResourcesBuildPhase section */
		D4B079DB19962546009EE113 /* Resources */ = {
			isa = PBXResourcesBuildPhase;
			buildActionMask = 2147483647;
			files = (
				D4B07A1919962609009EE113 /* Main.storyboard in Resources */,
				D4B079ED19962546009EE113 /* InfoPlist.strings in Resources */,
				D4B079F819962546009EE113 /* Images.xcassets in Resources */,
			);
			runOnlyForDeploymentPostprocessing = 0;
		};
		D4B079FB19962546009EE113 /* Resources */ = {
			isa = PBXResourcesBuildPhase;
			buildActionMask = 2147483647;
			files = (
				D4B07A0A19962546009EE113 /* InfoPlist.strings in Resources */,
			);
			runOnlyForDeploymentPostprocessing = 0;
		};
/* End PBXResourcesBuildPhase section */

/* Begin PBXSourcesBuildPhase section */
		D4B079D919962546009EE113 /* Sources */ = {
			isa = PBXSourcesBuildPhase;
			buildActionMask = 2147483647;
			files = (
				D4B07A17199625D8009EE113 /* Course.m in Sources */,
				D4B07A1C199626EC009EE113 /* CoursesTableViewController.m in Sources */,
				D4B079F319962546009EE113 /* AppDelegate.m in Sources */,
				D4B07A22199644FC009EE113 /* DisplayEditViewController.m in Sources */,
				D4B07A1F19962F81009EE113 /* NewCourseController.m in Sources */,
				D4B079EF19962546009EE113 /* main.m in Sources */,
				D4B079F619962546009EE113 /* CDCourse____Lynda.xcdatamodeld in Sources */,
			);
			runOnlyForDeploymentPostprocessing = 0;
		};
		D4B079F919962546009EE113 /* Sources */ = {
			isa = PBXSourcesBuildPhase;
			buildActionMask = 2147483647;
			files = (
				D4B07A0C19962546009EE113 /* CDCourse____LyndaTests.m in Sources */,
			);
			runOnlyForDeploymentPostprocessing = 0;
		};
/* End PBXSourcesBuildPhase section */

/* Begin PBXTargetDependency section */
		D4B07A0419962546009EE113 /* PBXTargetDependency */ = {
			isa = PBXTargetDependency;
			target = D4B079DC19962546009EE113 /* CDCourse --ios -- Lynda */;
			targetProxy = D4B07A0319962546009EE113 /* PBXContainerItemProxy */;
		};
/* End PBXTargetDependency section */

/* Begin PBXVariantGroup section */
		D4B079EB19962546009EE113 /* InfoPlist.strings */ = {
			isa = PBXVariantGroup;
			children = (
				D4B079EC19962546009EE113 /* en */,
			);
			name = InfoPlist.strings;
			sourceTree = "<group>";
		};
		D4B07A0819962546009EE113 /* InfoPlist.strings */ = {
			isa = PBXVariantGroup;
			children = (
				D4B07A0919962546009EE113 /* en */,
			);
			name = InfoPlist.strings;
			sourceTree = "<group>";
		};
/* End PBXVariantGroup section */

/* Begin XCBuildConfiguration section */
		D4B07A0D19962546009EE113 /* Debug */ = {
			isa = XCBuildConfiguration;
			buildSettings = {
				ALWAYS_SEARCH_USER_PATHS = NO;
				ARCHS = "$(ARCHS_STANDARD_INCLUDING_64_BIT)";
				CLANG_CXX_LANGUAGE_STANDARD = "gnu++0x";
				CLANG_CXX_LIBRARY = "libc++";
				CLANG_ENABLE_MODULES = YES;
				CLANG_ENABLE_OBJC_ARC = YES;
				CLANG_WARN_BOOL_CONVERSION = YES;
				CLANG_WARN_CONSTANT_CONVERSION = YES;
				CLANG_WARN_DIRECT_OBJC_ISA_USAGE = YES_ERROR;
				CLANG_WARN_EMPTY_BODY = YES;
				CLANG_WARN_ENUM_CONVERSION = YES;
				CLANG_WARN_INT_CONVERSION = YES;
				CLANG_WARN_OBJC_ROOT_CLASS = YES_ERROR;
				CLANG_WARN__DUPLICATE_METHOD_MATCH = YES;
				"CODE_SIGN_IDENTITY[sdk=iphoneos*]" = "iPhone Developer";
				COPY_PHASE_STRIP = NO;
				GCC_C_LANGUAGE_STANDARD = gnu99;
				GCC_DYNAMIC_NO_PIC = NO;
				GCC_OPTIMIZATION_LEVEL = 0;
				GCC_PREPROCESSOR_DEFINITIONS = (
					"DEBUG=1",
					"$(inherited)",
				);
				GCC_SYMBOLS_PRIVATE_EXTERN = NO;
				GCC_WARN_64_TO_32_BIT_CONVERSION = YES;
				GCC_WARN_ABOUT_RETURN_TYPE = YES_ERROR;
				GCC_WARN_UNDECLARED_SELECTOR = YES;
				GCC_WARN_UNINITIALIZED_AUTOS = YES;
				GCC_WARN_UNUSED_FUNCTION = YES;
				GCC_WARN_UNUSED_VARIABLE = YES;
				IPHONEOS_DEPLOYMENT_TARGET = 7.0;
				ONLY_ACTIVE_ARCH = YES;
				SDKROOT = iphoneos;
			};
			name = Debug;
		};
		D4B07A0E19962546009EE113 /* Release */ = {
			isa = XCBuildConfiguration;
			buildSettings = {
				ALWAYS_SEARCH_USER_PATHS = NO;
				ARCHS = "$(ARCHS_STANDARD_INCLUDING_64_BIT)";
				CLANG_CXX_LANGUAGE_STANDARD = "gnu++0x";
				CLANG_CXX_LIBRARY = "libc++";
				CLANG_ENABLE_MODULES = YES;
				CLANG_ENABLE_OBJC_ARC = YES;
				CLANG_WARN_BOOL_CONVERSION = YES;
				CLANG_WARN_CONSTANT_CONVERSION = YES;
				CLANG_WARN_DIRECT_OBJC_ISA_USAGE = YES_ERROR;
				CLANG_WARN_EMPTY_BODY = YES;
				CLANG_WARN_ENUM_CONVERSION = YES;
				CLANG_WARN_INT_CONVERSION = YES;
				CLANG_WARN_OBJC_ROOT_CLASS = YES_ERROR;
				CLANG_WARN__DUPLICATE_METHOD_MATCH = YES;
				"CODE_SIGN_IDENTITY[sdk=iphoneos*]" = "iPhone Developer";
				COPY_PHASE_STRIP = YES;
				ENABLE_NS_ASSERTIONS = NO;
				GCC_C_LANGUAGE_STANDARD = gnu99;
				GCC_WARN_64_TO_32_BIT_CONVERSION = YES;
				GCC_WARN_ABOUT_RETURN_TYPE = YES_ERROR;
				GCC_WARN_UNDECLARED_SELECTOR = YES;
				GCC_WARN_UNINITIALIZED_AUTOS = YES;
				GCC_WARN_UNUSED_FUNCTION = YES;
				GCC_WARN_UNUSED_VARIABLE = YES;
				IPHONEOS_DEPLOYMENT_TARGET = 7.0;
				SDKROOT = iphoneos;
				VALIDATE_PRODUCT = YES;
			};
			name = Release;
		};
		D4B07A1019962546009EE113 /* Debug */ = {
			isa = XCBuildConfiguration;
			buildSettings = {
				ASSETCATALOG_COMPILER_APPICON_NAME = AppIcon;
				ASSETCATALOG_COMPILER_LAUNCHIMAGE_NAME = LaunchImage;
				GCC_PRECOMPILE_PREFIX_HEADER = YES;
				GCC_PREFIX_HEADER = "CDCourse -- Lynda/CDCourse --ios -- Lynda-Prefix.pch";
				INFOPLIST_FILE = "CDCourse -- Lynda/CDCourse --ios -- Lynda-Info.plist";
				PRODUCT_NAME = "CDCourse --ios -- Lynda";
				WRAPPER_EXTENSION = app;
			};
			name = Debug;
		};
		D4B07A1119962546009EE113 /* Release */ = {
			isa = XCBuildConfiguration;
			buildSettings = {
				ASSETCATALOG_COMPILER_APPICON_NAME = AppIcon;
				ASSETCATALOG_COMPILER_LAUNCHIMAGE_NAME = LaunchImage;
				GCC_PRECOMPILE_PREFIX_HEADER = YES;
				GCC_PREFIX_HEADER = "CDCourse -- Lynda/CDCourse --ios -- Lynda-Prefix.pch";
				INFOPLIST_FILE = "CDCourse -- Lynda/CDCourse --ios -- Lynda-Info.plist";
				PRODUCT_NAME = "CDCourse --ios -- Lynda";
				WRAPPER_EXTENSION = app;
			};
			name = Release;
		};
		D4B07A1319962546009EE113 /* Debug */ = {
			isa = XCBuildConfiguration;
			buildSettings = {
				ARCHS = "$(ARCHS_STANDARD_INCLUDING_64_BIT)";
				BUNDLE_LOADER = "$(BUILT_PRODUCTS_DIR)/CDCourse -- Lynda.app/CDCourse -- Lynda";
				FRAMEWORK_SEARCH_PATHS = (
					"$(SDKROOT)/Developer/Library/Frameworks",
					"$(inherited)",
					"$(DEVELOPER_FRAMEWORKS_DIR)",
				);
				GCC_PRECOMPILE_PREFIX_HEADER = YES;
				GCC_PREFIX_HEADER = "CDCourse -- Lynda/CDCourse -- Lynda-Prefix.pch";
				GCC_PREPROCESSOR_DEFINITIONS = (
					"DEBUG=1",
					"$(inherited)",
				);
				INFOPLIST_FILE = "CDCourse -- LyndaTests/CDCourse --ios -- LyndaTests-Info.plist";
				PRODUCT_NAME = "CDCourse --ios -- LyndaTests";
				TEST_HOST = "$(BUNDLE_LOADER)";
				WRAPPER_EXTENSION = xctest;
			};
			name = Debug;
		};
		D4B07A1419962546009EE113 /* Release */ = {
			isa = XCBuildConfiguration;
			buildSettings = {
				ARCHS = "$(ARCHS_STANDARD_INCLUDING_64_BIT)";
				BUNDLE_LOADER = "$(BUILT_PRODUCTS_DIR)/CDCourse -- Lynda.app/CDCourse -- Lynda";
				FRAMEWORK_SEARCH_PATHS = (
					"$(SDKROOT)/Developer/Library/Frameworks",
					"$(inherited)",
					"$(DEVELOPER_FRAMEWORKS_DIR)",
				);
				GCC_PRECOMPILE_PREFIX_HEADER = YES;
				GCC_PREFIX_HEADER = "CDCourse -- Lynda/CDCourse -- Lynda-Prefix.pch";
				INFOPLIST_FILE = "CDCourse -- LyndaTests/CDCourse --ios -- LyndaTests-Info.plist";
				PRODUCT_NAME = "CDCourse --ios -- LyndaTests";
				TEST_HOST = "$(BUNDLE_LOADER)";
				WRAPPER_EXTENSION = xctest;
			};
			name = Release;
		};
/* End XCBuildConfiguration section */

/* Begin XCConfigurationList section */
		D4B079D819962545009EE113 /* Build configuration list for PBXProject "CDCourse --ios -- Lynda" */ = {
			isa = XCConfigurationList;
			buildConfigurations = (
				D4B07A0D19962546009EE113 /* Debug */,
				D4B07A0E19962546009EE113 /* Release */,
			);
			defaultConfigurationIsVisible = 0;
			defaultConfigurationName = Release;
		};
		D4B07A0F19962546009EE113 /* Build configuration list for PBXNativeTarget "CDCourse --ios -- Lynda" */ = {
			isa = XCConfigurationList;
			buildConfigurations = (
				D4B07A1019962546009EE113 /* Debug */,
				D4B07A1119962546009EE113 /* Release */,
			);
			defaultConfigurationIsVisible = 0;
			defaultConfigurationName = Release;
		};
		D4B07A1219962546009EE113 /* Build configuration list for PBXNativeTarget "CDCourse --ios -- LyndaTests" */ = {
			isa = XCConfigurationList;
			buildConfigurations = (
				D4B07A1319962546009EE113 /* Debug */,
				D4B07A1419962546009EE113 /* Release */,
			);
			defaultConfigurationIsVisible = 0;
			defaultConfigurationName = Release;
		};
/* End XCConfigurationList section */

/* Begin XCVersionGroup section */
		D4B079F419962546009EE113 /* CDCourse____Lynda.xcdatamodeld */ = {
			isa = XCVersionGroup;
			children = (
				D4ACAE7C199671C3004E4007 /* CDCourse____Lynda 2.xcdatamodel */,
				D4B079F519962546009EE113 /* CDCourse____Lynda.xcdatamodel */,
			);
			currentVersion = D4ACAE7C199671C3004E4007 /* CDCourse____Lynda 2.xcdatamodel */;
			path = "CDCourse____Lynda.xcdatamodeld";
			sourceTree = "<group>";
			versionGroupType = wrapper.xcdatamodel;
		};
/* End XCVersionGroup section */
	};
	rootObject = D4B079D519962545009EE113 /* Project object */;
}
